// !$*UTF8*$!
{
	archiveVersion = 1;
	classes = {
	};
	objectVersion = 56;
	objects = {

/* Begin PBXBuildFile section */
		71798CF52B83EA9800913433 /* HomeVC.storyboard in Resources */ = {isa = PBXBuildFile; fileRef = 71798CF42B83EA9800913433 /* HomeVC.storyboard */; };
		71798CF82B83EC1300913433 /* HomeController.swift in Sources */ = {isa = PBXBuildFile; fileRef = 71798CF72B83EC1300913433 /* HomeController.swift */; };
		71798CFB2B83EE1D00913433 /* CardView.swift in Sources */ = {isa = PBXBuildFile; fileRef = 71798CFA2B83EE1D00913433 /* CardView.swift */; };
		719E301F2B83F4B10069C112 /* Protocols.swift in Sources */ = {isa = PBXBuildFile; fileRef = 719E301E2B83F4B10069C112 /* Protocols.swift */; };
		719E30222B83FC5A0069C112 /* PaddedTextField.swift in Sources */ = {isa = PBXBuildFile; fileRef = 719E30212B83FC5A0069C112 /* PaddedTextField.swift */; };
		71A14D2F2B84D2B200531926 /* TabView.swift in Sources */ = {isa = PBXBuildFile; fileRef = 71A14D2E2B84D2B200531926 /* TabView.swift */; };
		71A14D312B84D39F00531926 /* CardViewUI.swift in Sources */ = {isa = PBXBuildFile; fileRef = 71A14D302B84D39F00531926 /* CardViewUI.swift */; };
		71BA2A3F2B7BC3C800F623B5 /* GrabArchitectureApp.swift in Sources */ = {isa = PBXBuildFile; fileRef = 71BA2A3E2B7BC3C800F623B5 /* GrabArchitectureApp.swift */; };
		71BA2A412B7BC3C800F623B5 /* ArchPickerView.swift in Sources */ = {isa = PBXBuildFile; fileRef = 71BA2A402B7BC3C800F623B5 /* ArchPickerView.swift */; };
		71BA2A432B7BC3C900F623B5 /* Assets.xcassets in Resources */ = {isa = PBXBuildFile; fileRef = 71BA2A422B7BC3C900F623B5 /* Assets.xcassets */; };
		71BA2A462B7BC3C900F623B5 /* Preview Assets.xcassets in Resources */ = {isa = PBXBuildFile; fileRef = 71BA2A452B7BC3C900F623B5 /* Preview Assets.xcassets */; };
		71BA2A4F2B7BC69000F623B5 /* SplashScreen.swift in Sources */ = {isa = PBXBuildFile; fileRef = 71BA2A4E2B7BC69000F623B5 /* SplashScreen.swift */; };
		71BA2A512B7BC72E00F623B5 /* Helper.swift in Sources */ = {isa = PBXBuildFile; fileRef = 71BA2A502B7BC72E00F623B5 /* Helper.swift */; };
		71BA2A532B7BC7EF00F623B5 /* ArchPickerLayout.swift in Sources */ = {isa = PBXBuildFile; fileRef = 71BA2A522B7BC7EF00F623B5 /* ArchPickerLayout.swift */; };
		71BA2A592B7BD0C100F623B5 /* CircleTextIndicator.swift in Sources */ = {isa = PBXBuildFile; fileRef = 71BA2A582B7BD0C100F623B5 /* CircleTextIndicator.swift */; };
		71BA2A5B2B7BD37200F623B5 /* K.swift in Sources */ = {isa = PBXBuildFile; fileRef = 71BA2A5A2B7BD37200F623B5 /* K.swift */; };
		71BA2A612B7BD78D00F623B5 /* DebugUtils.swift in Sources */ = {isa = PBXBuildFile; fileRef = 71BA2A602B7BD78D00F623B5 /* DebugUtils.swift */; };
		71BA2A632B7BDA3800F623B5 /* MVHome.swift in Sources */ = {isa = PBXBuildFile; fileRef = 71BA2A622B7BDA3800F623B5 /* MVHome.swift */; };
		71BA2A652B7BDBCF00F623B5 /* Shared.swift in Sources */ = {isa = PBXBuildFile; fileRef = 71BA2A642B7BDBCF00F623B5 /* Shared.swift */; };
		71BA2A672B7BE6E400F623B5 /* MVHomeView.swift in Sources */ = {isa = PBXBuildFile; fileRef = 71BA2A662B7BE6E400F623B5 /* MVHomeView.swift */; };
		71BA2A6A2B7C00C700F623B5 /* inter.ttf in Resources */ = {isa = PBXBuildFile; fileRef = 71BA2A692B7C00C700F623B5 /* inter.ttf */; };
/* End PBXBuildFile section */

/* Begin PBXFileReference section */
		71798CF42B83EA9800913433 /* HomeVC.storyboard */ = {isa = PBXFileReference; lastKnownFileType = file.storyboard; path = HomeVC.storyboard; sourceTree = "<group>"; };
		71798CF72B83EC1300913433 /* HomeController.swift */ = {isa = PBXFileReference; lastKnownFileType = sourcecode.swift; path = HomeController.swift; sourceTree = "<group>"; };
		71798CFA2B83EE1D00913433 /* CardView.swift */ = {isa = PBXFileReference; lastKnownFileType = sourcecode.swift; path = CardView.swift; sourceTree = "<group>"; };
		719E301E2B83F4B10069C112 /* Protocols.swift */ = {isa = PBXFileReference; lastKnownFileType = sourcecode.swift; path = Protocols.swift; sourceTree = "<group>"; };
		719E30212B83FC5A0069C112 /* PaddedTextField.swift */ = {isa = PBXFileReference; lastKnownFileType = sourcecode.swift; path = PaddedTextField.swift; sourceTree = "<group>"; };
		71A14D2E2B84D2B200531926 /* TabView.swift */ = {isa = PBXFileReference; lastKnownFileType = sourcecode.swift; path = TabView.swift; sourceTree = "<group>"; };
		71A14D302B84D39F00531926 /* CardViewUI.swift */ = {isa = PBXFileReference; lastKnownFileType = sourcecode.swift; path = CardViewUI.swift; sourceTree = "<group>"; };
		71BA2A3B2B7BC3C800F623B5 /* GrabArchitecture.app */ = {isa = PBXFileReference; explicitFileType = wrapper.application; includeInIndex = 0; path = GrabArchitecture.app; sourceTree = BUILT_PRODUCTS_DIR; };
		71BA2A3E2B7BC3C800F623B5 /* GrabArchitectureApp.swift */ = {isa = PBXFileReference; lastKnownFileType = sourcecode.swift; path = GrabArchitectureApp.swift; sourceTree = "<group>"; };
		71BA2A402B7BC3C800F623B5 /* ArchPickerView.swift */ = {isa = PBXFileReference; lastKnownFileType = sourcecode.swift; path = ArchPickerView.swift; sourceTree = "<group>"; };
		71BA2A422B7BC3C900F623B5 /* Assets.xcassets */ = {isa = PBXFileReference; lastKnownFileType = folder.assetcatalog; path = Assets.xcassets; sourceTree = "<group>"; };
		71BA2A452B7BC3C900F623B5 /* Preview Assets.xcassets */ = {isa = PBXFileReference; lastKnownFileType = folder.assetcatalog; path = "Preview Assets.xcassets"; sourceTree = "<group>"; };
		71BA2A4E2B7BC69000F623B5 /* SplashScreen.swift */ = {isa = PBXFileReference; lastKnownFileType = sourcecode.swift; path = SplashScreen.swift; sourceTree = "<group>"; };
		71BA2A502B7BC72E00F623B5 /* Helper.swift */ = {isa = PBXFileReference; lastKnownFileType = sourcecode.swift; path = Helper.swift; sourceTree = "<group>"; };
		71BA2A522B7BC7EF00F623B5 /* ArchPickerLayout.swift */ = {isa = PBXFileReference; lastKnownFileType = sourcecode.swift; path = ArchPickerLayout.swift; sourceTree = "<group>"; };
		71BA2A582B7BD0C100F623B5 /* CircleTextIndicator.swift */ = {isa = PBXFileReference; lastKnownFileType = sourcecode.swift; path = CircleTextIndicator.swift; sourceTree = "<group>"; };
		71BA2A5A2B7BD37200F623B5 /* K.swift */ = {isa = PBXFileReference; lastKnownFileType = sourcecode.swift; path = K.swift; sourceTree = "<group>"; };
		71BA2A602B7BD78D00F623B5 /* DebugUtils.swift */ = {isa = PBXFileReference; lastKnownFileType = sourcecode.swift; path = DebugUtils.swift; sourceTree = "<group>"; };
		71BA2A622B7BDA3800F623B5 /* MVHome.swift */ = {isa = PBXFileReference; lastKnownFileType = sourcecode.swift; path = MVHome.swift; sourceTree = "<group>"; };
		71BA2A642B7BDBCF00F623B5 /* Shared.swift */ = {isa = PBXFileReference; lastKnownFileType = sourcecode.swift; path = Shared.swift; sourceTree = "<group>"; };
		71BA2A662B7BE6E400F623B5 /* MVHomeView.swift */ = {isa = PBXFileReference; lastKnownFileType = sourcecode.swift; path = MVHomeView.swift; sourceTree = "<group>"; };
		71BA2A692B7C00C700F623B5 /* inter.ttf */ = {isa = PBXFileReference; lastKnownFileType = file; path = inter.ttf; sourceTree = "<group>"; };
/* End PBXFileReference section */

/* Begin PBXFrameworksBuildPhase section */
		71BA2A382B7BC3C800F623B5 /* Frameworks */ = {
			isa = PBXFrameworksBuildPhase;
			buildActionMask = 2147483647;
			files = (
			);
			runOnlyForDeploymentPostprocessing = 0;
		};
/* End PBXFrameworksBuildPhase section */

/* Begin PBXGroup section */
		71798CF12B83EA1F00913433 /* Controller */ = {
			isa = PBXGroup;
			children = (
				71798CF72B83EC1300913433 /* HomeController.swift */,
			);
			path = Controller;
			sourceTree = "<group>";
		};
		71798CF32B83EA2C00913433 /* Model */ = {
			isa = PBXGroup;
			children = (
			);
			path = Model;
			sourceTree = "<group>";
		};
		71798CF62B83EC0200913433 /* View */ = {
			isa = PBXGroup;
			children = (
				71798CF42B83EA9800913433 /* HomeVC.storyboard */,
			);
			path = View;
			sourceTree = "<group>";
		};
		719E30202B83F72F0069C112 /* PickerViewMV */ = {
			isa = PBXGroup;
			children = (
				71BA2A522B7BC7EF00F623B5 /* ArchPickerLayout.swift */,
				71BA2A402B7BC3C800F623B5 /* ArchPickerView.swift */,
				71BA2A4E2B7BC69000F623B5 /* SplashScreen.swift */,
			);
			path = PickerViewMV;
			sourceTree = "<group>";
		};
		71A14D2D2B84D25D00531926 /* ComponentsUI */ = {
			isa = PBXGroup;
			children = (
				71A14D2E2B84D2B200531926 /* TabView.swift */,
				71A14D302B84D39F00531926 /* CardViewUI.swift */,
				71BA2A582B7BD0C100F623B5 /* CircleTextIndicator.swift */,
			);
			path = ComponentsUI;
			sourceTree = "<group>";
		};
		71A14D332B84E07800531926 /* Utils */ = {
			isa = PBXGroup;
			children = (
				71BA2A5A2B7BD37200F623B5 /* K.swift */,
				71BA2A502B7BC72E00F623B5 /* Helper.swift */,
				719E301E2B83F4B10069C112 /* Protocols.swift */,
				71BA2A642B7BDBCF00F623B5 /* Shared.swift */,
			);
			path = Utils;
			sourceTree = "<group>";
		};
		71BA2A322B7BC3C800F623B5 = {
			isa = PBXGroup;
			children = (
				71BA2A3D2B7BC3C800F623B5 /* GrabArchitecture */,
				71BA2A3C2B7BC3C800F623B5 /* Products */,
			);
			sourceTree = "<group>";
		};
		71BA2A3C2B7BC3C800F623B5 /* Products */ = {
			isa = PBXGroup;
			children = (
				71BA2A3B2B7BC3C800F623B5 /* GrabArchitecture.app */,
			);
			name = Products;
			sourceTree = "<group>";
		};
		71BA2A3D2B7BC3C800F623B5 /* GrabArchitecture */ = {
			isa = PBXGroup;
			children = (
				71BA2A3E2B7BC3C800F623B5 /* GrabArchitectureApp.swift */,
				719E30202B83F72F0069C112 /* PickerViewMV */,
				71BA2A5F2B7BD64400F623B5 /* VIPER */,
				71BA2A5E2B7BD63F00F623B5 /* MV* */,
				71BA2A5D2B7BD63A00F623B5 /* MVC */,
				71BA2A5C2B7BD63500F623B5 /* MVVM */,
				71A14D2D2B84D25D00531926 /* ComponentsUI */,
				71BA2A572B7BD0AF00F623B5 /* Components */,
				71BA2A682B7C00A800F623B5 /* Fonts */,
				71A14D332B84E07800531926 /* Utils */,
				71BA2A602B7BD78D00F623B5 /* DebugUtils.swift */,
				71BA2A422B7BC3C900F623B5 /* Assets.xcassets */,
				71BA2A442B7BC3C900F623B5 /* Preview Content */,
			);
			path = GrabArchitecture;
			sourceTree = "<group>";
		};
		71BA2A442B7BC3C900F623B5 /* Preview Content */ = {
			isa = PBXGroup;
			children = (
				71BA2A452B7BC3C900F623B5 /* Preview Assets.xcassets */,
			);
			path = "Preview Content";
			sourceTree = "<group>";
		};
		71BA2A572B7BD0AF00F623B5 /* Components */ = {
			isa = PBXGroup;
			children = (
				71798CFA2B83EE1D00913433 /* CardView.swift */,
				719E30212B83FC5A0069C112 /* PaddedTextField.swift */,
			);
			path = Components;
			sourceTree = "<group>";
		};
		71BA2A5C2B7BD63500F623B5 /* MVVM */ = {
			isa = PBXGroup;
			children = (
			);
			path = MVVM;
			sourceTree = "<group>";
		};
		71BA2A5D2B7BD63A00F623B5 /* MVC */ = {
			isa = PBXGroup;
			children = (
				71798CF32B83EA2C00913433 /* Model */,
				71798CF62B83EC0200913433 /* View */,
				71798CF12B83EA1F00913433 /* Controller */,
			);
			path = MVC;
			sourceTree = "<group>";
		};
		71BA2A5E2B7BD63F00F623B5 /* MV* */ = {
			isa = PBXGroup;
			children = (
				71BA2A622B7BDA3800F623B5 /* MVHome.swift */,
				71BA2A662B7BE6E400F623B5 /* MVHomeView.swift */,
			);
			path = "MV*";
			sourceTree = "<group>";
		};
		71BA2A5F2B7BD64400F623B5 /* VIPER */ = {
			isa = PBXGroup;
			children = (
			);
			path = VIPER;
			sourceTree = "<group>";
		};
		71BA2A682B7C00A800F623B5 /* Fonts */ = {
			isa = PBXGroup;
			children = (
				71BA2A692B7C00C700F623B5 /* inter.ttf */,
			);
			path = Fonts;
			sourceTree = "<group>";
		};
/* End PBXGroup section */

/* Begin PBXNativeTarget section */
		71BA2A3A2B7BC3C800F623B5 /* GrabArchitecture */ = {
			isa = PBXNativeTarget;
			buildConfigurationList = 71BA2A492B7BC3C900F623B5 /* Build configuration list for PBXNativeTarget "GrabArchitecture" */;
			buildPhases = (
				71BA2A372B7BC3C800F623B5 /* Sources */,
				71BA2A382B7BC3C800F623B5 /* Frameworks */,
				71BA2A392B7BC3C800F623B5 /* Resources */,
			);
			buildRules = (
			);
			dependencies = (
			);
			name = GrabArchitecture;
			productName = GrabArchitecture;
			productReference = 71BA2A3B2B7BC3C800F623B5 /* GrabArchitecture.app */;
			productType = "com.apple.product-type.application";
		};
/* End PBXNativeTarget section */

/* Begin PBXProject section */
		71BA2A332B7BC3C800F623B5 /* Project object */ = {
			isa = PBXProject;
			attributes = {
				BuildIndependentTargetsInParallel = 1;
				LastSwiftUpdateCheck = 1520;
				LastUpgradeCheck = 1520;
				TargetAttributes = {
					71BA2A3A2B7BC3C800F623B5 = {
						CreatedOnToolsVersion = 15.2;
					};
				};
			};
			buildConfigurationList = 71BA2A362B7BC3C800F623B5 /* Build configuration list for PBXProject "GrabArchitecture" */;
			compatibilityVersion = "Xcode 14.0";
			developmentRegion = en;
			hasScannedForEncodings = 0;
			knownRegions = (
				en,
				Base,
			);
			mainGroup = 71BA2A322B7BC3C800F623B5;
			productRefGroup = 71BA2A3C2B7BC3C800F623B5 /* Products */;
			projectDirPath = "";
			projectRoot = "";
			targets = (
				71BA2A3A2B7BC3C800F623B5 /* GrabArchitecture */,
			);
		};
/* End PBXProject section */

/* Begin PBXResourcesBuildPhase section */
		71BA2A392B7BC3C800F623B5 /* Resources */ = {
			isa = PBXResourcesBuildPhase;
			buildActionMask = 2147483647;
			files = (
				71BA2A462B7BC3C900F623B5 /* Preview Assets.xcassets in Resources */,
				71BA2A6A2B7C00C700F623B5 /* inter.ttf in Resources */,
				71798CF52B83EA9800913433 /* HomeVC.storyboard in Resources */,
				71BA2A432B7BC3C900F623B5 /* Assets.xcassets in Resources */,
			);
			runOnlyForDeploymentPostprocessing = 0;
		};
/* End PBXResourcesBuildPhase section */

/* Begin PBXSourcesBuildPhase section */
		71BA2A372B7BC3C800F623B5 /* Sources */ = {
			isa = PBXSourcesBuildPhase;
			buildActionMask = 2147483647;
			files = (
				71BA2A632B7BDA3800F623B5 /* MVHome.swift in Sources */,
				71BA2A5B2B7BD37200F623B5 /* K.swift in Sources */,
				71798CF82B83EC1300913433 /* HomeController.swift in Sources */,
				71BA2A592B7BD0C100F623B5 /* CircleTextIndicator.swift in Sources */,
				71798CFB2B83EE1D00913433 /* CardView.swift in Sources */,
				71BA2A4F2B7BC69000F623B5 /* SplashScreen.swift in Sources */,
				71BA2A672B7BE6E400F623B5 /* MVHomeView.swift in Sources */,
				71BA2A412B7BC3C800F623B5 /* ArchPickerView.swift in Sources */,
				71BA2A512B7BC72E00F623B5 /* Helper.swift in Sources */,
				71BA2A652B7BDBCF00F623B5 /* Shared.swift in Sources */,
				71A14D312B84D39F00531926 /* CardViewUI.swift in Sources */,
				71BA2A612B7BD78D00F623B5 /* DebugUtils.swift in Sources */,
				71A14D2F2B84D2B200531926 /* TabView.swift in Sources */,
				719E30222B83FC5A0069C112 /* PaddedTextField.swift in Sources */,
				71BA2A3F2B7BC3C800F623B5 /* GrabArchitectureApp.swift in Sources */,
				71BA2A532B7BC7EF00F623B5 /* ArchPickerLayout.swift in Sources */,
				719E301F2B83F4B10069C112 /* Protocols.swift in Sources */,
			);
			runOnlyForDeploymentPostprocessing = 0;
		};
/* End PBXSourcesBuildPhase section */

/* Begin XCBuildConfiguration section */
		71BA2A472B7BC3C900F623B5 /* Debug */ = {
			isa = XCBuildConfiguration;
			buildSettings = {
				ALWAYS_SEARCH_USER_PATHS = NO;
				ASSETCATALOG_COMPILER_GENERATE_SWIFT_ASSET_SYMBOL_EXTENSIONS = YES;
				CLANG_ANALYZER_NONNULL = YES;
				CLANG_ANALYZER_NUMBER_OBJECT_CONVERSION = YES_AGGRESSIVE;
				CLANG_CXX_LANGUAGE_STANDARD = "gnu++20";
				CLANG_ENABLE_MODULES = YES;
				CLANG_ENABLE_OBJC_ARC = YES;
				CLANG_ENABLE_OBJC_WEAK = YES;
				CLANG_WARN_BLOCK_CAPTURE_AUTORELEASING = YES;
				CLANG_WARN_BOOL_CONVERSION = YES;
				CLANG_WARN_COMMA = YES;
				CLANG_WARN_CONSTANT_CONVERSION = YES;
				CLANG_WARN_DEPRECATED_OBJC_IMPLEMENTATIONS = YES;
				CLANG_WARN_DIRECT_OBJC_ISA_USAGE = YES_ERROR;
				CLANG_WARN_DOCUMENTATION_COMMENTS = YES;
				CLANG_WARN_EMPTY_BODY = YES;
				CLANG_WARN_ENUM_CONVERSION = YES;
				CLANG_WARN_INFINITE_RECURSION = YES;
				CLANG_WARN_INT_CONVERSION = YES;
				CLANG_WARN_NON_LITERAL_NULL_CONVERSION = YES;
				CLANG_WARN_OBJC_IMPLICIT_RETAIN_SELF = YES;
				CLANG_WARN_OBJC_LITERAL_CONVERSION = YES;
				CLANG_WARN_OBJC_ROOT_CLASS = YES_ERROR;
				CLANG_WARN_QUOTED_INCLUDE_IN_FRAMEWORK_HEADER = YES;
				CLANG_WARN_RANGE_LOOP_ANALYSIS = YES;
				CLANG_WARN_STRICT_PROTOTYPES = YES;
				CLANG_WARN_SUSPICIOUS_MOVE = YES;
				CLANG_WARN_UNGUARDED_AVAILABILITY = YES_AGGRESSIVE;
				CLANG_WARN_UNREACHABLE_CODE = YES;
				CLANG_WARN__DUPLICATE_METHOD_MATCH = YES;
				COPY_PHASE_STRIP = NO;
				DEBUG_INFORMATION_FORMAT = dwarf;
				ENABLE_STRICT_OBJC_MSGSEND = YES;
				ENABLE_TESTABILITY = YES;
				ENABLE_USER_SCRIPT_SANDBOXING = YES;
				GCC_C_LANGUAGE_STANDARD = gnu17;
				GCC_DYNAMIC_NO_PIC = NO;
				GCC_NO_COMMON_BLOCKS = YES;
				GCC_OPTIMIZATION_LEVEL = 0;
				GCC_PREPROCESSOR_DEFINITIONS = (
					"DEBUG=1",
					"$(inherited)",
				);
				GCC_WARN_64_TO_32_BIT_CONVERSION = YES;
				GCC_WARN_ABOUT_RETURN_TYPE = YES_ERROR;
				GCC_WARN_UNDECLARED_SELECTOR = YES;
				GCC_WARN_UNINITIALIZED_AUTOS = YES_AGGRESSIVE;
				GCC_WARN_UNUSED_FUNCTION = YES;
				GCC_WARN_UNUSED_VARIABLE = YES;
				IPHONEOS_DEPLOYMENT_TARGET = 17.2;
				LOCALIZATION_PREFERS_STRING_CATALOGS = YES;
				MTL_ENABLE_DEBUG_INFO = INCLUDE_SOURCE;
				MTL_FAST_MATH = YES;
				ONLY_ACTIVE_ARCH = YES;
				SDKROOT = iphoneos;
				SWIFT_ACTIVE_COMPILATION_CONDITIONS = "DEBUG $(inherited)";
				SWIFT_OPTIMIZATION_LEVEL = "-Onone";
			};
			name = Debug;
		};
		71BA2A482B7BC3C900F623B5 /* Release */ = {
			isa = XCBuildConfiguration;
			buildSettings = {
				ALWAYS_SEARCH_USER_PATHS = NO;
				ASSETCATALOG_COMPILER_GENERATE_SWIFT_ASSET_SYMBOL_EXTENSIONS = YES;
				CLANG_ANALYZER_NONNULL = YES;
				CLANG_ANALYZER_NUMBER_OBJECT_CONVERSION = YES_AGGRESSIVE;
				CLANG_CXX_LANGUAGE_STANDARD = "gnu++20";
				CLANG_ENABLE_MODULES = YES;
				CLANG_ENABLE_OBJC_ARC = YES;
				CLANG_ENABLE_OBJC_WEAK = YES;
				CLANG_WARN_BLOCK_CAPTURE_AUTORELEASING = YES;
				CLANG_WARN_BOOL_CONVERSION = YES;
				CLANG_WARN_COMMA = YES;
				CLANG_WARN_CONSTANT_CONVERSION = YES;
				CLANG_WARN_DEPRECATED_OBJC_IMPLEMENTATIONS = YES;
				CLANG_WARN_DIRECT_OBJC_ISA_USAGE = YES_ERROR;
				CLANG_WARN_DOCUMENTATION_COMMENTS = YES;
				CLANG_WARN_EMPTY_BODY = YES;
				CLANG_WARN_ENUM_CONVERSION = YES;
				CLANG_WARN_INFINITE_RECURSION = YES;
				CLANG_WARN_INT_CONVERSION = YES;
				CLANG_WARN_NON_LITERAL_NULL_CONVERSION = YES;
				CLANG_WARN_OBJC_IMPLICIT_RETAIN_SELF = YES;
				CLANG_WARN_OBJC_LITERAL_CONVERSION = YES;
				CLANG_WARN_OBJC_ROOT_CLASS = YES_ERROR;
				CLANG_WARN_QUOTED_INCLUDE_IN_FRAMEWORK_HEADER = YES;
				CLANG_WARN_RANGE_LOOP_ANALYSIS = YES;
				CLANG_WARN_STRICT_PROTOTYPES = YES;
				CLANG_WARN_SUSPICIOUS_MOVE = YES;
				CLANG_WARN_UNGUARDED_AVAILABILITY = YES_AGGRESSIVE;
				CLANG_WARN_UNREACHABLE_CODE = YES;
				CLANG_WARN__DUPLICATE_METHOD_MATCH = YES;
				COPY_PHASE_STRIP = NO;
				DEBUG_INFORMATION_FORMAT = "dwarf-with-dsym";
				ENABLE_NS_ASSERTIONS = NO;
				ENABLE_STRICT_OBJC_MSGSEND = YES;
				ENABLE_USER_SCRIPT_SANDBOXING = YES;
				GCC_C_LANGUAGE_STANDARD = gnu17;
				GCC_NO_COMMON_BLOCKS = YES;
				GCC_WARN_64_TO_32_BIT_CONVERSION = YES;
				GCC_WARN_ABOUT_RETURN_TYPE = YES_ERROR;
				GCC_WARN_UNDECLARED_SELECTOR = YES;
				GCC_WARN_UNINITIALIZED_AUTOS = YES_AGGRESSIVE;
				GCC_WARN_UNUSED_FUNCTION = YES;
				GCC_WARN_UNUSED_VARIABLE = YES;
				IPHONEOS_DEPLOYMENT_TARGET = 17.2;
				LOCALIZATION_PREFERS_STRING_CATALOGS = YES;
				MTL_ENABLE_DEBUG_INFO = NO;
				MTL_FAST_MATH = YES;
				SDKROOT = iphoneos;
				SWIFT_COMPILATION_MODE = wholemodule;
				VALIDATE_PRODUCT = YES;
			};
			name = Release;
		};
		71BA2A4A2B7BC3C900F623B5 /* Debug */ = {
			isa = XCBuildConfiguration;
			buildSettings = {
				ASSETCATALOG_COMPILER_APPICON_NAME = AppIcon;
				ASSETCATALOG_COMPILER_GLOBAL_ACCENT_COLOR_NAME = AccentColor;
				CODE_SIGN_STYLE = Automatic;
				CURRENT_PROJECT_VERSION = 1;
				DEVELOPMENT_ASSET_PATHS = "\"GrabArchitecture/Preview Content\"";
				DEVELOPMENT_TEAM = U442ACHGQ8;
				ENABLE_PREVIEWS = YES;
				GENERATE_INFOPLIST_FILE = YES;
				INFOPLIST_KEY_UIApplicationSceneManifest_Generation = YES;
				INFOPLIST_KEY_UIApplicationSupportsIndirectInputEvents = YES;
				INFOPLIST_KEY_UILaunchScreen_Generation = YES;
				INFOPLIST_KEY_UISupportedInterfaceOrientations_iPad = "UIInterfaceOrientationPortrait UIInterfaceOrientationPortraitUpsideDown UIInterfaceOrientationLandscapeLeft UIInterfaceOrientationLandscapeRight";
				INFOPLIST_KEY_UISupportedInterfaceOrientations_iPhone = "UIInterfaceOrientationPortrait UIInterfaceOrientationLandscapeLeft UIInterfaceOrientationLandscapeRight";
				LD_RUNPATH_SEARCH_PATHS = (
					"$(inherited)",
					"@executable_path/Frameworks",
				);
				MARKETING_VERSION = 1.0;
				PRODUCT_BUNDLE_IDENTIFIER = com.fadhli.firdaus.GrabArchitecture;
				PRODUCT_NAME = "$(TARGET_NAME)";
				SWIFT_EMIT_LOC_STRINGS = YES;
				SWIFT_VERSION = 5.0;
				TARGETED_DEVICE_FAMILY = "1,2";
			};
			name = Debug;
		};
		71BA2A4B2B7BC3C900F623B5 /* Release */ = {
			isa = XCBuildConfiguration;
			buildSettings = {
				ASSETCATALOG_COMPILER_APPICON_NAME = AppIcon;
				ASSETCATALOG_COMPILER_GLOBAL_ACCENT_COLOR_NAME = AccentColor;
				CODE_SIGN_STYLE = Automatic;
				CURRENT_PROJECT_VERSION = 1;
				DEVELOPMENT_ASSET_PATHS = "\"GrabArchitecture/Preview Content\"";
				DEVELOPMENT_TEAM = U442ACHGQ8;
				ENABLE_PREVIEWS = YES;
				GENERATE_INFOPLIST_FILE = YES;
				INFOPLIST_KEY_UIApplicationSceneManifest_Generation = YES;
				INFOPLIST_KEY_UIApplicationSupportsIndirectInputEvents = YES;
				INFOPLIST_KEY_UILaunchScreen_Generation = YES;
				INFOPLIST_KEY_UISupportedInterfaceOrientations_iPad = "UIInterfaceOrientationPortrait UIInterfaceOrientationPortraitUpsideDown UIInterfaceOrientationLandscapeLeft UIInterfaceOrientationLandscapeRight";
				INFOPLIST_KEY_UISupportedInterfaceOrientations_iPhone = "UIInterfaceOrientationPortrait UIInterfaceOrientationLandscapeLeft UIInterfaceOrientationLandscapeRight";
				LD_RUNPATH_SEARCH_PATHS = (
					"$(inherited)",
					"@executable_path/Frameworks",
				);
				MARKETING_VERSION = 1.0;
				PRODUCT_BUNDLE_IDENTIFIER = com.fadhli.firdaus.GrabArchitecture;
				PRODUCT_NAME = "$(TARGET_NAME)";
				SWIFT_EMIT_LOC_STRINGS = YES;
				SWIFT_VERSION = 5.0;
				TARGETED_DEVICE_FAMILY = "1,2";
			};
			name = Release;
		};
/* End XCBuildConfiguration section */

/* Begin XCConfigurationList section */
		71BA2A362B7BC3C800F623B5 /* Build configuration list for PBXProject "GrabArchitecture" */ = {
			isa = XCConfigurationList;
			buildConfigurations = (
				71BA2A472B7BC3C900F623B5 /* Debug */,
				71BA2A482B7BC3C900F623B5 /* Release */,
			);
			defaultConfigurationIsVisible = 0;
			defaultConfigurationName = Release;
		};
		71BA2A492B7BC3C900F623B5 /* Build configuration list for PBXNativeTarget "GrabArchitecture" */ = {
			isa = XCConfigurationList;
			buildConfigurations = (
				71BA2A4A2B7BC3C900F623B5 /* Debug */,
				71BA2A4B2B7BC3C900F623B5 /* Release */,
			);
			defaultConfigurationIsVisible = 0;
			defaultConfigurationName = Release;
		};
/* End XCConfigurationList section */
	};
	rootObject = 71BA2A332B7BC3C800F623B5 /* Project object */;
}
